
Microsoft Visual Studio Solution File, Format Version 12.00
# Visual Studio 2013
VisualStudioVersion = 12.0.40629.0
MinimumVisualStudioVersion = 10.0.40219.1
Project("{FAE04EC0-301F-11D3-BF4B-00C04F79EFBC}") = "AnimeHubClientWPF2013", "AnimeHubClientWPF2013\AnimeHubClientWPF2013.csproj", "{EC8A9752-E5E8-4848-A807-644548B47785}"
EndProject
Global
	GlobalSection(SolutionConfigurationPlatforms) = preSolution
		Debug|Any CPU = Debug|Any CPU
		Release|Any CPU = Release|Any CPU
	EndGlobalSection
	GlobalSection(ProjectConfigurationPlatforms) = postSolution
		{EC8A9752-E5E8-4848-A807-644548B47785}.Debug|Any CPU.ActiveCfg = Debug|Any CPU
		{EC8A9752-E5E8-4848-A807-644548B47785}.Debug|Any CPU.Build.0 = Debug|Any CPU
		{EC8A9752-E5E8-4848-A807-644548B47785}.Release|Any CPU.ActiveCfg = Release|Any CPU
		{EC8A9752-E5E8-4848-A807-644548B47785}.Release|Any CPU.Build.0 = Release|Any CPU
	EndGlobalSection
	GlobalSection(SolutionProperties) = preSolution
		HideSolutionNode = FALSE
	EndGlobalSection
EndGlobal
